# This file was autogenerated by Stack.
# You should not edit this file by hand.
# For more information, please see the documentation at:
#   https://docs.haskellstack.org/en/stable/lock_files

packages:
- completed:
    hackage: hspec-2.8.5@sha256:6b9c26d94146b7a55a03d7d4059d6acaded54fde2090e11ce8938ac54de43c93,1709
    pantry-tree:
      sha256: 4221149ab97dd132f6a2c7608f61930fbfe1ce99fb1dfe93a3f5887738d5fcfe
      size: 583
  original:
    hackage: hspec-2.8.5
- completed:
    hackage: split-0.2.3.4@sha256:a6df9c3e806ee7cb50bc980a183fc1156f35022a39430dabac0bf9456fe18a4b,2647
    pantry-tree:
      sha256: 4e7559f1be32a70cdbdb96d14db768561dd36b8fdff36b3ffac94751f5b5ae6d
      size: 439
  original:
    hackage: split-0.2.3.4
snapshots:
- completed:
    sha256: 1ecad1f0bd2c27de88dbff6572446cfdf647c615d58a7e2e2085c6b7dfc04176
    size: 619403
    url: https://raw.githubusercontent.com/commercialhaskell/stackage-snapshots/master/lts/19/27.yaml
  original: lts-19.27
