# This file was autogenerated by Stack.
# You should not edit this file by hand.
# For more information, please see the documentation at:
#   https://docs.haskellstack.org/en/stable/lock_files

packages:
- completed:
    hackage: array-0.5.4.0@sha256:4ab91ef6388db19e62fea4ed7bf3bb39bae5c3e3d2ac73a7feb278d05c35db78,1660
    pantry-tree:
      sha256: 25fb3fcc19c38f11e8d94ce9f6305bba0227c78915458d684ff471321f63294a
      size: 1135
  original:
    hackage: array-0.5.4.0
- completed:
    hackage: attoparsec-0.14.4@sha256:c0569d86c02cadd403017ea414dcb5e4f7de5380de0d8a92b9337cad84cd5e02,5811
    pantry-tree:
      sha256: 093521478c28b3d4533f8ca367562e340ef3db234156a2b9aa7caa45d87e61c1
      size: 5039
  original:
    hackage: attoparsec-0.14.4
- completed:
    hackage: containers-0.6.4.1@sha256:e9ca297369c207ff40ed561877c15928292b957a01c8551a7cbd50d665a03429,2520
    pantry-tree:
      sha256: cd4689c9caa5b9774b3ec4603c3b2c06eb04b184db590afa6d107441e25cc634
      size: 2823
  original:
    hackage: containers-0.6.4.1
- completed:
    hackage: hspec-2.8.5@sha256:6b9c26d94146b7a55a03d7d4059d6acaded54fde2090e11ce8938ac54de43c93,1709
    pantry-tree:
      sha256: 4221149ab97dd132f6a2c7608f61930fbfe1ce99fb1dfe93a3f5887738d5fcfe
      size: 583
  original:
    hackage: hspec-2.8.5
- completed:
    hackage: mtl-2.2.2@sha256:1050fb71acd9f5d67da7d992583f5bd0eb14407b9dc7acc122af1b738b706ca3,2261
    pantry-tree:
      sha256: b8bdc2259e2f943a7252fb164805666fe108ac959d398e0af27b43ba2ebc241c
      size: 1713
  original:
    hackage: mtl-2.2.2
- completed:
    hackage: search-algorithms-0.3.2@sha256:9d224b9c6b5875598e6fc91497a178f3ca6e45768c637d07d4f874e6211a331b,2203
    pantry-tree:
      sha256: 43e9d4344d57a3bad78f67d085156531e0a9b38a14dce9f5137940561fdb3582
      size: 557
  original:
    hackage: search-algorithms-0.3.2
- completed:
    hackage: split-0.2.3.4@sha256:a6df9c3e806ee7cb50bc980a183fc1156f35022a39430dabac0bf9456fe18a4b,2647
    pantry-tree:
      sha256: 4e7559f1be32a70cdbdb96d14db768561dd36b8fdff36b3ffac94751f5b5ae6d
      size: 439
  original:
    hackage: split-0.2.3.4
- completed:
    hackage: text-1.2.5.0@sha256:791f0f6c97ed96113f17ab520cf0efe1a3a4f883a8c85910a5660567c8241c40,7895
    pantry-tree:
      sha256: f41504ec5c04a3f3358ef104362f02fdef29cbce4e5e4e6dbd6b6db70c40d4bf
      size: 7395
  original:
    hackage: text-1.2.5.0
snapshots:
- completed:
    sha256: 1ecad1f0bd2c27de88dbff6572446cfdf647c615d58a7e2e2085c6b7dfc04176
    size: 619403
    url: https://raw.githubusercontent.com/commercialhaskell/stackage-snapshots/master/lts/19/27.yaml
  original: lts-19.27
